{
  "requires": true,
  "lockfileVersion": 1,
  "dependencies": {
    "csvexport": {
      "version": "2.0.0",
      "resolved": "https://registry.npmjs.org/csvexport/-/csvexport-2.0.0.tgz",
      "integrity": "sha512-fWWdbYV1fcIsle0ITBYDcfXJlZDFFbUNlNeoofqSea6cJDYw+62mlFnVCeeKm9mu1t1CSu1mxX9koW7gNmrj1A=="
    }
  }
}
